
Microsoft Visual Studio Solution File, Format Version 12.00
# Visual Studio Version 16
VisualStudioVersion = 16.0.29806.167
MinimumVisualStudioVersion = 10.0.40219.1
Project("{FAE04EC0-301F-11D3-BF4B-00C04F79EFBC}") = "UIDelaySimulator", "UIDelaySimulator.csproj", "{50A71377-F5F5-4B7F-85BE-CB89B2D3B14E}"
EndProject
Global
	GlobalSection(SolutionConfigurationPlatforms) = preSolution
		Debug|Any CPU = Debug|Any CPU
		Release|Any CPU = Release|Any CPU
	EndGlobalSection
	GlobalSection(ProjectConfigurationPlatforms) = postSolution
		{50A71377-F5F5-4B7F-85BE-CB89B2D3B14E}.Debug|Any CPU.ActiveCfg = Debug|Any CPU
		{50A71377-F5F5-4B7F-85BE-CB89B2D3B14E}.Debug|Any CPU.Build.0 = Debug|Any CPU
		{50A71377-F5F5-4B7F-85BE-CB89B2D3B14E}.Release|Any CPU.ActiveCfg = Release|Any CPU
		{50A71377-F5F5-4B7F-85BE-CB89B2D3B14E}.Release|Any CPU.Build.0 = Release|Any CPU
	EndGlobalSection
	GlobalSection(SolutionProperties) = preSolution
		HideSolutionNode = FALSE
	EndGlobalSection
	GlobalSection(ExtensibilityGlobals) = postSolution
		SolutionGuid = {4C47A9C8-D909-4F72-BDDF-6644E78D26F3}
	EndGlobalSection
EndGlobal
